
Microsoft Visual Studio Solution File, Format Version 12.00
# Visual Studio Version 16
VisualStudioVersion = 16.0.30320.27
MinimumVisualStudioVersion = 10.0.40219.1
Project("{FAE04EC0-301F-11D3-BF4B-00C04F79EFBC}") = "OnlineFloralDelivery", "OnlineFloralDelivery\OnlineFloralDelivery.csproj", "{5E707D6B-A7E2-4024-8BC2-4ED49D511C9A}"
EndProject
Global
	GlobalSection(SolutionConfigurationPlatforms) = preSolution
		Debug|Any CPU = Debug|Any CPU
		Release|Any CPU = Release|Any CPU
	EndGlobalSection
	GlobalSection(ProjectConfigurationPlatforms) = postSolution
		{5E707D6B-A7E2-4024-8BC2-4ED49D511C9A}.Debug|Any CPU.ActiveCfg = Debug|Any CPU
		{5E707D6B-A7E2-4024-8BC2-4ED49D511C9A}.Debug|Any CPU.Build.0 = Debug|Any CPU
		{5E707D6B-A7E2-4024-8BC2-4ED49D511C9A}.Release|Any CPU.ActiveCfg = Release|Any CPU
		{5E707D6B-A7E2-4024-8BC2-4ED49D511C9A}.Release|Any CPU.Build.0 = Release|Any CPU
	EndGlobalSection
	GlobalSection(SolutionProperties) = preSolution
		HideSolutionNode = FALSE
	EndGlobalSection
	GlobalSection(ExtensibilityGlobals) = postSolution
		SolutionGuid = {056B5859-DBEB-41BC-ABFB-923737EC09C8}
	EndGlobalSection
EndGlobal
